
Microsoft Visual Studio Solution File, Format Version 12.00
# Visual Studio Version 17
VisualStudioVersion = 17.3.32922.545
MinimumVisualStudioVersion = 10.0.40219.1
Project("{FAE04EC0-301F-11D3-BF4B-00C04F79EFBC}") = "Electre", "Electre\Electre.csproj", "{30F08309-C81F-4427-8360-860401E1570E}"
EndProject
Global
	GlobalSection(SolutionConfigurationPlatforms) = preSolution
		Debug|Any CPU = Debug|Any CPU
		Release|Any CPU = Release|Any CPU
	EndGlobalSection
	GlobalSection(ProjectConfigurationPlatforms) = postSolution
		{30F08309-C81F-4427-8360-860401E1570E}.Debug|Any CPU.ActiveCfg = Debug|Any CPU
		{30F08309-C81F-4427-8360-860401E1570E}.Debug|Any CPU.Build.0 = Debug|Any CPU
		{30F08309-C81F-4427-8360-860401E1570E}.Release|Any CPU.ActiveCfg = Release|Any CPU
		{30F08309-C81F-4427-8360-860401E1570E}.Release|Any CPU.Build.0 = Release|Any CPU
	EndGlobalSection
	GlobalSection(SolutionProperties) = preSolution
		HideSolutionNode = FALSE
	EndGlobalSection
	GlobalSection(ExtensibilityGlobals) = postSolution
		SolutionGuid = {4E7EB6C0-2E2D-472F-8BCF-48767F04C8EF}
	EndGlobalSection
EndGlobal
